
Microsoft Visual Studio Solution File, Format Version 12.00
# Visual Studio Version 17
VisualStudioVersion = 17.3.32825.248
MinimumVisualStudioVersion = 10.0.40219.1
Project("{FAE04EC0-301F-11D3-BF4B-00C04F79EFBC}") = "Hackathon", "Hackathon\Hackathon.csproj", "{83F87204-70CF-4FEC-B608-E7B3EA5B5EBA}"
EndProject
Global
	GlobalSection(SolutionConfigurationPlatforms) = preSolution
		Debug|Any CPU = Debug|Any CPU
		Release|Any CPU = Release|Any CPU
	EndGlobalSection
	GlobalSection(ProjectConfigurationPlatforms) = postSolution
		{83F87204-70CF-4FEC-B608-E7B3EA5B5EBA}.Debug|Any CPU.ActiveCfg = Debug|Any CPU
		{83F87204-70CF-4FEC-B608-E7B3EA5B5EBA}.Debug|Any CPU.Build.0 = Debug|Any CPU
		{83F87204-70CF-4FEC-B608-E7B3EA5B5EBA}.Release|Any CPU.ActiveCfg = Release|Any CPU
		{83F87204-70CF-4FEC-B608-E7B3EA5B5EBA}.Release|Any CPU.Build.0 = Release|Any CPU
	EndGlobalSection
	GlobalSection(SolutionProperties) = preSolution
		HideSolutionNode = FALSE
	EndGlobalSection
	GlobalSection(ExtensibilityGlobals) = postSolution
		SolutionGuid = {5A5D3D03-740A-49FA-AF97-A73E0078774D}
	EndGlobalSection
EndGlobal
